# This file is automatically @generated by Poetry 1.8.3 and should not be changed by hand.

[[package]]
name = "dnspython"
version = "2.6.1"
description = "DNS toolkit"
optional = false
python-versions = ">=3.8"
files = [
    {file = "dnspython-2.6.1-py3-none-any.whl", hash = "sha256:5ef3b9680161f6fa89daf8ad451b5f1a33b18ae8a1c6778cdf4b43f08c0a6e50"},
    {file = "dnspython-2.6.1.tar.gz", hash = "sha256:e8f0f9c23a7b7cb99ded64e6c3a6f3e701d78f50c55e002b839dea7225cff7cc"},
]

[package.extras]
dev = ["black (>=23.1.0)", "coverage (>=7.0)", "flake8 (>=7)", "mypy (>=1.8)", "pylint (>=3)", "pytest (>=7.4)", "pytest-cov (>=4.1.0)", "sphinx (>=7.2.0)", "twine (>=4.0.0)", "wheel (>=0.42.0)"]
dnssec = ["cryptography (>=41)"]
doh = ["h2 (>=4.1.0)", "httpcore (>=1.0.0)", "httpx (>=0.26.0)"]
doq = ["aioquic (>=0.9.25)"]
idna = ["idna (>=3.6)"]
trio = ["trio (>=0.23)"]
wmi = ["wmi (>=1.5.1)"]

[[package]]
name = "grpcio"
version = "1.66.0"
description = "HTTP/2-based RPC framework"
optional = false
python-versions = ">=3.8"
files = [
    {file = "grpcio-1.66.0-cp310-cp310-linux_armv7l.whl", hash = "sha256:ad7256f224437b2c29c2bef98ddd3130454c5b1ab1f0471fc11794cefd4dbd3d"},
    {file = "grpcio-1.66.0-cp310-cp310-macosx_12_0_universal2.whl", hash = "sha256:5f4b3357e59dfba9140a51597287297bc638710d6a163f99ee14efc19967a821"},
    {file = "grpcio-1.66.0-cp310-cp310-manylinux_2_17_aarch64.whl", hash = "sha256:e8d20308eeae15b3e182f47876f05acbdec1eebd9473a9814a44e46ec4a84c04"},
    {file = "grpcio-1.66.0-cp310-cp310-manylinux_2_17_i686.manylinux2014_i686.whl", hash = "sha256:1eb03524d0f55b965d6c86aa44e5db9e5eaa15f9ed3b164621e652e5b927f4b8"},
    {file = "grpcio-1.66.0-cp310-cp310-manylinux_2_17_x86_64.manylinux2014_x86_64.whl", hash = "sha256:37514b68a42e9cf24536345d3cf9e580ffd29117c158b4eeea34625200256067"},
    {file = "grpcio-1.66.0-cp310-cp310-musllinux_1_1_i686.whl", hash = "sha256:516fdbc8e156db71a004bc431a6303bca24cfde186babe96dde7bd01e8f0cc70"},
    {file = "grpcio-1.66.0-cp310-cp310-musllinux_1_1_x86_64.whl", hash = "sha256:d0439a970d65327de21c299ea0e0c2ad0987cdaf18ba5066621dea5f427f922b"},
    {file = "grpcio-1.66.0-cp310-cp310-win32.whl", hash = "sha256:5f93fc84b72bbc7b84a42f3ca9dc055fa00d2303d9803be011ebf7a10a4eb833"},
    {file = "grpcio-1.66.0-cp310-cp310-win_amd64.whl", hash = "sha256:8fc5c710ddd51b5a0dc36ef1b6663430aa620e0ce029b87b150dafd313b978c3"},
    {file = "grpcio-1.66.0-cp311-cp311-linux_armv7l.whl", hash = "sha256:dd614370e939f9fceeeb2915111a0795271b4c11dfb5fc0f58449bee40c726a5"},
    {file = "grpcio-1.66.0-cp311-cp311-macosx_10_9_universal2.whl", hash = "sha256:245b08f9b3c645a6a623f3ed4fa43dcfcd6ad701eb9c32511c1bb7380e8c3d23"},
    {file = "grpcio-1.66.0-cp311-cp311-manylinux_2_17_aarch64.whl", hash = "sha256:aaf30c75cbaf30e561ca45f21eb1f729f0fab3f15c592c1074795ed43e3ff96f"},
    {file = "grpcio-1.66.0-cp311-cp311-manylinux_2_17_i686.manylinux2014_i686.whl", hash = "sha256:49234580a073ce7ac490112f6c67c874cbcb27804c4525978cdb21ba7f3f193c"},
    {file = "grpcio-1.66.0-cp311-cp311-manylinux_2_17_x86_64.manylinux2014_x86_64.whl", hash = "sha256:de9e20a0acb709dcfa15a622c91f584f12c9739a79c47999f73435d2b3cc8a3b"},
    {file = "grpcio-1.66.0-cp311-cp311-musllinux_1_1_i686.whl", hash = "sha256:bc008c6afa1e7c8df99bd9154abc4f0470d26b7730ca2521122e99e771baa8c7"},
    {file = "grpcio-1.66.0-cp311-cp311-musllinux_1_1_x86_64.whl", hash = "sha256:50cea8ce2552865b87e3dffbb85eb21e6b98d928621600c0feda2f02449cd837"},
    {file = "grpcio-1.66.0-cp311-cp311-win32.whl", hash = "sha256:508411df1f2b7cfa05d4d7dbf3d576fe4f949cd61c03f3a6f0378c84e3d7b963"},
    {file = "grpcio-1.66.0-cp311-cp311-win_amd64.whl", hash = "sha256:6d586a95c05c82a5354be48bb4537e1accaf2472d8eb7e9086d844cbff934482"},
    {file = "grpcio-1.66.0-cp312-cp312-linux_armv7l.whl", hash = "sha256:5ea27f4ce8c0daccfdd2c7961e6ba404b6599f47c948415c4cca5728739107a3"},
    {file = "grpcio-1.66.0-cp312-cp312-macosx_10_9_universal2.whl", hash = "sha256:296a45ea835e12a1cc35ab0c57e455346c272af7b0d178e29c67742167262b4c"},
    {file = "grpcio-1.66.0-cp312-cp312-manylinux_2_17_aarch64.whl", hash = "sha256:e36fa838ac1d6c87198ca149cbfcc92e1af06bb8c8cd852622f8e58f33ea3324"},
    {file = "grpcio-1.66.0-cp312-cp312-manylinux_2_17_i686.manylinux2014_i686.whl", hash = "sha256:684a4c07883cbd4ac864f0d08d927267404f5f0c76f31c85f9bbe05f2daae2f2"},
    {file = "grpcio-1.66.0-cp312-cp312-manylinux_2_17_x86_64.manylinux2014_x86_64.whl", hash = "sha256:c3084e590e857ba7585ae91078e4c9b6ef55aaf1dc343ce26400ba59a146eada"},
    {file = "grpcio-1.66.0-cp312-cp312-musllinux_1_1_i686.whl", hash = "sha256:526d4f6ca19f31b25606d5c470ecba55c0b22707b524e4de8987919e8920437d"},
    {file = "grpcio-1.66.0-cp312-cp312-musllinux_1_1_x86_64.whl", hash = "sha256:423ae18637cd99ddcf2e5a6851c61828c49e9b9d022d0442d979b4f230109787"},
    {file = "grpcio-1.66.0-cp312-cp312-win32.whl", hash = "sha256:7bc9d823e05d63a87511fb456dcc48dc0fced86c282bf60229675e7ee7aac1a1"},
    {file = "grpcio-1.66.0-cp312-cp312-win_amd64.whl", hash = "sha256:230cdd696751e7eb1395718cd308234749daa217bb8d128f00357dc4df102558"},
    {file = "grpcio-1.66.0-cp38-cp38-linux_armv7l.whl", hash = "sha256:0f3010bf46b2a01c9e40644cb9ed91b4b8435e5c500a275da5f9f62580e31e80"},
    {file = "grpcio-1.66.0-cp38-cp38-macosx_10_9_universal2.whl", hash = "sha256:ba18cfdc09312eb2eea6fa0ce5d2eec3cf345ea78f6528b2eaed6432105e0bd0"},
    {file = "grpcio-1.66.0-cp38-cp38-manylinux_2_17_aarch64.whl", hash = "sha256:53d4c6706b49e358a2a33345dbe9b6b3bb047cecd7e8c07ba383bd09349bfef8"},
    {file = "grpcio-1.66.0-cp38-cp38-manylinux_2_17_i686.manylinux2014_i686.whl", hash = "sha256:643d8d9632a688ae69661e924b862e23c83a3575b24e52917ec5bcc59543d212"},
    {file = "grpcio-1.66.0-cp38-cp38-manylinux_2_17_x86_64.manylinux2014_x86_64.whl", hash = "sha256:ba60ae3b465b3e85080ae3bfbc36fd0305ae495ab16fcf8022fc7d7a23aac846"},
    {file = "grpcio-1.66.0-cp38-cp38-musllinux_1_1_i686.whl", hash = "sha256:9d5251578767fe44602688c851c2373b5513048ac84c21a0fe946590a8e7933d"},
    {file = "grpcio-1.66.0-cp38-cp38-musllinux_1_1_x86_64.whl", hash = "sha256:5e8140b39f10d7be2263afa2838112de29374c5c740eb0afd99146cb5bdbd990"},
    {file = "grpcio-1.66.0-cp38-cp38-win32.whl", hash = "sha256:5b15ef1b296c4e78f15f64fc65bf8081f8774480ffcac45642f69d9d753d9c6b"},
    {file = "grpcio-1.66.0-cp38-cp38-win_amd64.whl", hash = "sha256:c072f90a1f0409f827ae86266984cba65e89c5831a0726b9fc7f4b5fb940b853"},
    {file = "grpcio-1.66.0-cp39-cp39-linux_armv7l.whl", hash = "sha256:a639d3866bfb5a678b5c0b92cd7ab543033ed8988854290fd86145e71731fd4c"},
    {file = "grpcio-1.66.0-cp39-cp39-macosx_10_9_universal2.whl", hash = "sha256:6ed35bf7da3fb3b1949e32bdf47a8b5ffe0aed11722d948933bd068531cd4682"},
    {file = "grpcio-1.66.0-cp39-cp39-manylinux_2_17_aarch64.whl", hash = "sha256:1c5466222470cb7fbc9cc898af1d48eefd297cb2e2f59af6d4a851c862fa90ac"},
    {file = "grpcio-1.66.0-cp39-cp39-manylinux_2_17_i686.manylinux2014_i686.whl", hash = "sha256:921b8f7f25d5300d7c6837a1e0639ef145fbdbfb728e0a5db2dbccc9fc0fd891"},
    {file = "grpcio-1.66.0-cp39-cp39-manylinux_2_17_x86_64.manylinux2014_x86_64.whl", hash = "sha256:c3f6feb0dc8456d025e566709f7dd02885add99bedaac50229013069242a1bfd"},
    {file = "grpcio-1.66.0-cp39-cp39-musllinux_1_1_i686.whl", hash = "sha256:748452dbd5a047475d5413bdef08b0b9ceb2c0c0e249d4ee905a5fb82c6328dc"},
    {file = "grpcio-1.66.0-cp39-cp39-musllinux_1_1_x86_64.whl", hash = "sha256:832945e64176520520317b50d64ec7d79924429528d5747669b52d0bf2c7bd78"},
    {file = "grpcio-1.66.0-cp39-cp39-win32.whl", hash = "sha256:8096a922eb91bc97c839f675c3efa1257c6ef181ae1b25d3fb97f2cae4c57c01"},
    {file = "grpcio-1.66.0-cp39-cp39-win_amd64.whl", hash = "sha256:375b58892301a5fc6ca7d7ff689c9dc9d00895f5d560604ace9f4f0573013c63"},
    {file = "grpcio-1.66.0.tar.gz", hash = "sha256:c1ea4c528e7db6660718e4165fd1b5ac24b79a70c870a7bc0b7bdb9babab7c1e"},
]

[package.extras]
protobuf = ["grpcio-tools (>=1.66.0)"]

[[package]]
name = "pymongo"
version = "4.8.0"
description = "Python driver for MongoDB <http://www.mongodb.org>"
optional = false
python-versions = ">=3.8"
files = [
    {file = "pymongo-4.8.0-cp310-cp310-macosx_10_9_x86_64.whl", hash = "sha256:f2b7bec27e047e84947fbd41c782f07c54c30c76d14f3b8bf0c89f7413fac67a"},
    {file = "pymongo-4.8.0-cp310-cp310-macosx_11_0_arm64.whl", hash = "sha256:3c68fe128a171493018ca5c8020fc08675be130d012b7ab3efe9e22698c612a1"},
    {file = "pymongo-4.8.0-cp310-cp310-manylinux_2_17_aarch64.manylinux2014_aarch64.whl", hash = "sha256:920d4f8f157a71b3cb3f39bc09ce070693d6e9648fb0e30d00e2657d1dca4e49"},
    {file = "pymongo-4.8.0-cp310-cp310-manylinux_2_17_ppc64le.manylinux2014_ppc64le.whl", hash = "sha256:52b4108ac9469febba18cea50db972605cc43978bedaa9fea413378877560ef8"},
    {file = "pymongo-4.8.0-cp310-cp310-manylinux_2_17_s390x.manylinux2014_s390x.whl", hash = "sha256:180d5eb1dc28b62853e2f88017775c4500b07548ed28c0bd9c005c3d7bc52526"},
    {file = "pymongo-4.8.0-cp310-cp310-manylinux_2_17_x86_64.manylinux2014_x86_64.whl", hash = "sha256:aec2b9088cdbceb87e6ca9c639d0ff9b9d083594dda5ca5d3c4f6774f4c81b33"},
    {file = "pymongo-4.8.0-cp310-cp310-manylinux_2_5_i686.manylinux1_i686.manylinux_2_17_i686.manylinux2014_i686.whl", hash = "sha256:d0cf61450feadca81deb1a1489cb1a3ae1e4266efd51adafecec0e503a8dcd84"},
    {file = "pymongo-4.8.0-cp310-cp310-win32.whl", hash = "sha256:8b18c8324809539c79bd6544d00e0607e98ff833ca21953df001510ca25915d1"},
    {file = "pymongo-4.8.0-cp310-cp310-win_amd64.whl", hash = "sha256:e5df28f74002e37bcbdfdc5109799f670e4dfef0fb527c391ff84f078050e7b5"},
    {file = "pymongo-4.8.0-cp311-cp311-macosx_10_9_x86_64.whl", hash = "sha256:6b50040d9767197b77ed420ada29b3bf18a638f9552d80f2da817b7c4a4c9c68"},
    {file = "pymongo-4.8.0-cp311-cp311-macosx_11_0_arm64.whl", hash = "sha256:417369ce39af2b7c2a9c7152c1ed2393edfd1cbaf2a356ba31eb8bcbd5c98dd7"},
    {file = "pymongo-4.8.0-cp311-cp311-manylinux_2_17_aarch64.manylinux2014_aarch64.whl", hash = "sha256:bf821bd3befb993a6db17229a2c60c1550e957de02a6ff4dd0af9476637b2e4d"},
    {file = "pymongo-4.8.0-cp311-cp311-manylinux_2_17_ppc64le.manylinux2014_ppc64le.whl", hash = "sha256:9365166aa801c63dff1a3cb96e650be270da06e3464ab106727223123405510f"},
    {file = "pymongo-4.8.0-cp311-cp311-manylinux_2_17_s390x.manylinux2014_s390x.whl", hash = "sha256:cc8b8582f4209c2459b04b049ac03c72c618e011d3caa5391ff86d1bda0cc486"},
    {file = "pymongo-4.8.0-cp311-cp311-manylinux_2_17_x86_64.manylinux2014_x86_64.whl", hash = "sha256:16e5019f75f6827bb5354b6fef8dfc9d6c7446894a27346e03134d290eb9e758"},
    {file = "pymongo-4.8.0-cp311-cp311-manylinux_2_5_i686.manylinux1_i686.manylinux_2_17_i686.manylinux2014_i686.whl", hash = "sha256:3b5802151fc2b51cd45492c80ed22b441d20090fb76d1fd53cd7760b340ff554"},
    {file = "pymongo-4.8.0-cp311-cp311-win32.whl", hash = "sha256:4bf58e6825b93da63e499d1a58de7de563c31e575908d4e24876234ccb910eba"},
    {file = "pymongo-4.8.0-cp311-cp311-win_amd64.whl", hash = "sha256:b747c0e257b9d3e6495a018309b9e0c93b7f0d65271d1d62e572747f4ffafc88"},
    {file = "pymongo-4.8.0-cp312-cp312-macosx_10_9_x86_64.whl", hash = "sha256:e6a720a3d22b54183352dc65f08cd1547204d263e0651b213a0a2e577e838526"},
    {file = "pymongo-4.8.0-cp312-cp312-macosx_11_0_arm64.whl", hash = "sha256:31e4d21201bdf15064cf47ce7b74722d3e1aea2597c6785882244a3bb58c7eab"},
    {file = "pymongo-4.8.0-cp312-cp312-manylinux_2_17_aarch64.manylinux2014_aarch64.whl", hash = "sha256:c6b804bb4f2d9dc389cc9e827d579fa327272cdb0629a99bfe5b83cb3e269ebf"},
    {file = "pymongo-4.8.0-cp312-cp312-manylinux_2_17_ppc64le.manylinux2014_ppc64le.whl", hash = "sha256:f2fbdb87fe5075c8beb17a5c16348a1ea3c8b282a5cb72d173330be2fecf22f5"},
    {file = "pymongo-4.8.0-cp312-cp312-manylinux_2_17_s390x.manylinux2014_s390x.whl", hash = "sha256:cd39455b7ee70aabee46f7399b32ab38b86b236c069ae559e22be6b46b2bbfc4"},
    {file = "pymongo-4.8.0-cp312-cp312-manylinux_2_17_x86_64.manylinux2014_x86_64.whl", hash = "sha256:940d456774b17814bac5ea7fc28188c7a1338d4a233efbb6ba01de957bded2e8"},
    {file = "pymongo-4.8.0-cp312-cp312-manylinux_2_5_i686.manylinux1_i686.manylinux_2_17_i686.manylinux2014_i686.whl", hash = "sha256:236bbd7d0aef62e64caf4b24ca200f8c8670d1a6f5ea828c39eccdae423bc2b2"},
    {file = "pymongo-4.8.0-cp312-cp312-win32.whl", hash = "sha256:47ec8c3f0a7b2212dbc9be08d3bf17bc89abd211901093e3ef3f2adea7de7a69"},
    {file = "pymongo-4.8.0-cp312-cp312-win_amd64.whl", hash = "sha256:e84bc7707492f06fbc37a9f215374d2977d21b72e10a67f1b31893ec5a140ad8"},
    {file = "pymongo-4.8.0-cp38-cp38-macosx_10_9_x86_64.whl", hash = "sha256:519d1bab2b5e5218c64340b57d555d89c3f6c9d717cecbf826fb9d42415e7750"},
    {file = "pymongo-4.8.0-cp38-cp38-macosx_11_0_arm64.whl", hash = "sha256:87075a1feb1e602e539bdb1ef8f4324a3427eb0d64208c3182e677d2c0718b6f"},
    {file = "pymongo-4.8.0-cp38-cp38-manylinux_2_17_aarch64.manylinux2014_aarch64.whl", hash = "sha256:77f53429515d2b3e86dcc83dadecf7ff881e538c168d575f3688698a8707b80a"},
    {file = "pymongo-4.8.0-cp38-cp38-manylinux_2_17_ppc64le.manylinux2014_ppc64le.whl", hash = "sha256:fdc20cd1e1141b04696ffcdb7c71e8a4a665db31fe72e51ec706b3bdd2d09f36"},
    {file = "pymongo-4.8.0-cp38-cp38-manylinux_2_17_s390x.manylinux2014_s390x.whl", hash = "sha256:284d0717d1a7707744018b0b6ee7801b1b1ff044c42f7be7a01bb013de639470"},
    {file = "pymongo-4.8.0-cp38-cp38-manylinux_2_17_x86_64.manylinux2014_x86_64.whl", hash = "sha256:f5bf0eb8b6ef40fa22479f09375468c33bebb7fe49d14d9c96c8fd50355188b0"},
    {file = "pymongo-4.8.0-cp38-cp38-manylinux_2_5_i686.manylinux1_i686.manylinux_2_17_i686.manylinux2014_i686.whl", hash = "sha256:2ecd71b9226bd1d49416dc9f999772038e56f415a713be51bf18d8676a0841c8"},
    {file = "pymongo-4.8.0-cp38-cp38-manylinux_2_5_i686.manylinux1_i686.whl", hash = "sha256:e0061af6e8c5e68b13f1ec9ad5251247726653c5af3c0bbdfbca6cf931e99216"},
    {file = "pymongo-4.8.0-cp38-cp38-manylinux_2_5_x86_64.manylinux1_x86_64.whl", hash = "sha256:658d0170f27984e0d89c09fe5c42296613b711a3ffd847eb373b0dbb5b648d5f"},
    {file = "pymongo-4.8.0-cp38-cp38-win32.whl", hash = "sha256:3ed1c316718a2836f7efc3d75b4b0ffdd47894090bc697de8385acd13c513a70"},
    {file = "pymongo-4.8.0-cp38-cp38-win_amd64.whl", hash = "sha256:7148419eedfea9ecb940961cfe465efaba90595568a1fb97585fb535ea63fe2b"},
    {file = "pymongo-4.8.0-cp39-cp39-macosx_10_9_x86_64.whl", hash = "sha256:e8400587d594761e5136a3423111f499574be5fd53cf0aefa0d0f05b180710b0"},
    {file = "pymongo-4.8.0-cp39-cp39-macosx_11_0_arm64.whl", hash = "sha256:af3e98dd9702b73e4e6fd780f6925352237f5dce8d99405ff1543f3771201704"},
    {file = "pymongo-4.8.0-cp39-cp39-manylinux_2_17_aarch64.manylinux2014_aarch64.whl", hash = "sha256:de3a860f037bb51f968de320baef85090ff0bbb42ec4f28ec6a5ddf88be61871"},
    {file = "pymongo-4.8.0-cp39-cp39-manylinux_2_17_ppc64le.manylinux2014_ppc64le.whl", hash = "sha256:0fc18b3a093f3db008c5fea0e980dbd3b743449eee29b5718bc2dc15ab5088bb"},
    {file = "pymongo-4.8.0-cp39-cp39-manylinux_2_17_s390x.manylinux2014_s390x.whl", hash = "sha256:18c9d8f975dd7194c37193583fd7d1eb9aea0c21ee58955ecf35362239ff31ac"},
    {file = "pymongo-4.8.0-cp39-cp39-manylinux_2_17_x86_64.manylinux2014_x86_64.whl", hash = "sha256:408b2f8fdbeca3c19e4156f28fff1ab11c3efb0407b60687162d49f68075e63c"},
    {file = "pymongo-4.8.0-cp39-cp39-manylinux_2_5_i686.manylinux1_i686.manylinux_2_17_i686.manylinux2014_i686.whl", hash = "sha256:b6564780cafd6abeea49759fe661792bd5a67e4f51bca62b88faab497ab5fe89"},
    {file = "pymongo-4.8.0-cp39-cp39-manylinux_2_5_i686.manylinux1_i686.whl", hash = "sha256:d18d86bc9e103f4d3d4f18b85a0471c0e13ce5b79194e4a0389a224bb70edd53"},
    {file = "pymongo-4.8.0-cp39-cp39-manylinux_2_5_x86_64.manylinux1_x86_64.whl", hash = "sha256:9097c331577cecf8034422956daaba7ec74c26f7b255d718c584faddd7fa2e3c"},
    {file = "pymongo-4.8.0-cp39-cp39-win32.whl", hash = "sha256:d5428dbcd43d02f6306e1c3c95f692f68b284e6ee5390292242f509004c9e3a8"},
    {file = "pymongo-4.8.0-cp39-cp39-win_amd64.whl", hash = "sha256:ef7225755ed27bfdb18730c68f6cb023d06c28f2b734597480fb4c0e500feb6f"},
    {file = "pymongo-4.8.0.tar.gz", hash = "sha256:454f2295875744dc70f1881e4b2eb99cdad008a33574bc8aaf120530f66c0cde"},
]

[package.dependencies]
dnspython = ">=1.16.0,<3.0.0"

[package.extras]
aws = ["pymongo-auth-aws (>=1.1.0,<2.0.0)"]
docs = ["furo (==2023.9.10)", "readthedocs-sphinx-search (>=0.3,<1.0)", "sphinx (>=5.3,<8)", "sphinx-rtd-theme (>=2,<3)", "sphinxcontrib-shellcheck (>=1,<2)"]
encryption = ["certifi", "pymongo-auth-aws (>=1.1.0,<2.0.0)", "pymongocrypt (>=1.6.0,<2.0.0)"]
gssapi = ["pykerberos", "winkerberos (>=0.5.0)"]
ocsp = ["certifi", "cryptography (>=2.5)", "pyopenssl (>=17.2.0)", "requests (<3.0.0)", "service-identity (>=18.1.0)"]
snappy = ["python-snappy"]
test = ["pytest (>=7)"]
zstd = ["zstandard"]

[[package]]
name = "pyyaml"
version = "6.0.2"
description = "YAML parser and emitter for Python"
optional = false
python-versions = ">=3.8"
files = [
    {file = "PyYAML-6.0.2-cp310-cp310-macosx_10_9_x86_64.whl", hash = "sha256:0a9a2848a5b7feac301353437eb7d5957887edbf81d56e903999a75a3d743086"},
    {file = "PyYAML-6.0.2-cp310-cp310-macosx_11_0_arm64.whl", hash = "sha256:29717114e51c84ddfba879543fb232a6ed60086602313ca38cce623c1d62cfbf"},
    {file = "PyYAML-6.0.2-cp310-cp310-manylinux_2_17_aarch64.manylinux2014_aarch64.whl", hash = "sha256:8824b5a04a04a047e72eea5cec3bc266db09e35de6bdfe34c9436ac5ee27d237"},
    {file = "PyYAML-6.0.2-cp310-cp310-manylinux_2_17_s390x.manylinux2014_s390x.whl", hash = "sha256:7c36280e6fb8385e520936c3cb3b8042851904eba0e58d277dca80a5cfed590b"},
    {file = "PyYAML-6.0.2-cp310-cp310-manylinux_2_17_x86_64.manylinux2014_x86_64.whl", hash = "sha256:ec031d5d2feb36d1d1a24380e4db6d43695f3748343d99434e6f5f9156aaa2ed"},
    {file = "PyYAML-6.0.2-cp310-cp310-musllinux_1_1_aarch64.whl", hash = "sha256:936d68689298c36b53b29f23c6dbb74de12b4ac12ca6cfe0e047bedceea56180"},
    {file = "PyYAML-6.0.2-cp310-cp310-musllinux_1_1_x86_64.whl", hash = "sha256:23502f431948090f597378482b4812b0caae32c22213aecf3b55325e049a6c68"},
    {file = "PyYAML-6.0.2-cp310-cp310-win32.whl", hash = "sha256:2e99c6826ffa974fe6e27cdb5ed0021786b03fc98e5ee3c5bfe1fd5015f42b99"},
    {file = "PyYAML-6.0.2-cp310-cp310-win_amd64.whl", hash = "sha256:a4d3091415f010369ae4ed1fc6b79def9416358877534caf6a0fdd2146c87a3e"},
    {file = "PyYAML-6.0.2-cp311-cp311-macosx_10_9_x86_64.whl", hash = "sha256:cc1c1159b3d456576af7a3e4d1ba7e6924cb39de8f67111c735f6fc832082774"},
    {file = "PyYAML-6.0.2-cp311-cp311-macosx_11_0_arm64.whl", hash = "sha256:1e2120ef853f59c7419231f3bf4e7021f1b936f6ebd222406c3b60212205d2ee"},
    {file = "PyYAML-6.0.2-cp311-cp311-manylinux_2_17_aarch64.manylinux2014_aarch64.whl", hash = "sha256:5d225db5a45f21e78dd9358e58a98702a0302f2659a3c6cd320564b75b86f47c"},
    {file = "PyYAML-6.0.2-cp311-cp311-manylinux_2_17_s390x.manylinux2014_s390x.whl", hash = "sha256:5ac9328ec4831237bec75defaf839f7d4564be1e6b25ac710bd1a96321cc8317"},
    {file = "PyYAML-6.0.2-cp311-cp311-manylinux_2_17_x86_64.manylinux2014_x86_64.whl", hash = "sha256:3ad2a3decf9aaba3d29c8f537ac4b243e36bef957511b4766cb0057d32b0be85"},
    {file = "PyYAML-6.0.2-cp311-cp311-musllinux_1_1_aarch64.whl", hash = "sha256:ff3824dc5261f50c9b0dfb3be22b4567a6f938ccce4587b38952d85fd9e9afe4"},
    {file = "PyYAML-6.0.2-cp311-cp311-musllinux_1_1_x86_64.whl", hash = "sha256:797b4f722ffa07cc8d62053e4cff1486fa6dc094105d13fea7b1de7d8bf71c9e"},
    {file = "PyYAML-6.0.2-cp311-cp311-win32.whl", hash = "sha256:11d8f3dd2b9c1207dcaf2ee0bbbfd5991f571186ec9cc78427ba5bd32afae4b5"},
    {file = "PyYAML-6.0.2-cp311-cp311-win_amd64.whl", hash = "sha256:e10ce637b18caea04431ce14fabcf5c64a1c61ec9c56b071a4b7ca131ca52d44"},
    {file = "PyYAML-6.0.2-cp312-cp312-macosx_10_9_x86_64.whl", hash = "sha256:c70c95198c015b85feafc136515252a261a84561b7b1d51e3384e0655ddf25ab"},
    {file = "PyYAML-6.0.2-cp312-cp312-macosx_11_0_arm64.whl", hash = "sha256:ce826d6ef20b1bc864f0a68340c8b3287705cae2f8b4b1d932177dcc76721725"},
    {file = "PyYAML-6.0.2-cp312-cp312-manylinux_2_17_aarch64.manylinux2014_aarch64.whl", hash = "sha256:1f71ea527786de97d1a0cc0eacd1defc0985dcf6b3f17bb77dcfc8c34bec4dc5"},
    {file = "PyYAML-6.0.2-cp312-cp312-manylinux_2_17_s390x.manylinux2014_s390x.whl", hash = "sha256:9b22676e8097e9e22e36d6b7bda33190d0d400f345f23d4065d48f4ca7ae0425"},
    {file = "PyYAML-6.0.2-cp312-cp312-manylinux_2_17_x86_64.manylinux2014_x86_64.whl", hash = "sha256:80bab7bfc629882493af4aa31a4cfa43a4c57c83813253626916b8c7ada83476"},
    {file = "PyYAML-6.0.2-cp312-cp312-musllinux_1_1_aarch64.whl", hash = "sha256:0833f8694549e586547b576dcfaba4a6b55b9e96098b36cdc7ebefe667dfed48"},
    {file = "PyYAML-6.0.2-cp312-cp312-musllinux_1_1_x86_64.whl", hash = "sha256:8b9c7197f7cb2738065c481a0461e50ad02f18c78cd75775628afb4d7137fb3b"},
    {file = "PyYAML-6.0.2-cp312-cp312-win32.whl", hash = "sha256:ef6107725bd54b262d6dedcc2af448a266975032bc85ef0172c5f059da6325b4"},
    {file = "PyYAML-6.0.2-cp312-cp312-win_amd64.whl", hash = "sha256:7e7401d0de89a9a855c839bc697c079a4af81cf878373abd7dc625847d25cbd8"},
    {file = "PyYAML-6.0.2-cp313-cp313-macosx_10_13_x86_64.whl", hash = "sha256:efdca5630322a10774e8e98e1af481aad470dd62c3170801852d752aa7a783ba"},
    {file = "PyYAML-6.0.2-cp313-cp313-macosx_11_0_arm64.whl", hash = "sha256:50187695423ffe49e2deacb8cd10510bc361faac997de9efef88badc3bb9e2d1"},
    {file = "PyYAML-6.0.2-cp313-cp313-manylinux_2_17_aarch64.manylinux2014_aarch64.whl", hash = "sha256:0ffe8360bab4910ef1b9e87fb812d8bc0a308b0d0eef8c8f44e0254ab3b07133"},
    {file = "PyYAML-6.0.2-cp313-cp313-manylinux_2_17_s390x.manylinux2014_s390x.whl", hash = "sha256:17e311b6c678207928d649faa7cb0d7b4c26a0ba73d41e99c4fff6b6c3276484"},
    {file = "PyYAML-6.0.2-cp313-cp313-manylinux_2_17_x86_64.manylinux2014_x86_64.whl", hash = "sha256:70b189594dbe54f75ab3a1acec5f1e3faa7e8cf2f1e08d9b561cb41b845f69d5"},
    {file = "PyYAML-6.0.2-cp313-cp313-musllinux_1_1_aarch64.whl", hash = "sha256:41e4e3953a79407c794916fa277a82531dd93aad34e29c2a514c2c0c5fe971cc"},
    {file = "PyYAML-6.0.2-cp313-cp313-musllinux_1_1_x86_64.whl", hash = "sha256:68ccc6023a3400877818152ad9a1033e3db8625d899c72eacb5a668902e4d652"},
    {file = "PyYAML-6.0.2-cp313-cp313-win32.whl", hash = "sha256:bc2fa7c6b47d6bc618dd7fb02ef6fdedb1090ec036abab80d4681424b84c1183"},
    {file = "PyYAML-6.0.2-cp313-cp313-win_amd64.whl", hash = "sha256:8388ee1976c416731879ac16da0aff3f63b286ffdd57cdeb95f3f2e085687563"},
    {file = "PyYAML-6.0.2-cp38-cp38-macosx_10_9_x86_64.whl", hash = "sha256:24471b829b3bf607e04e88d79542a9d48bb037c2267d7927a874e6c205ca7e9a"},
    {file = "PyYAML-6.0.2-cp38-cp38-manylinux_2_17_aarch64.manylinux2014_aarch64.whl", hash = "sha256:d7fded462629cfa4b685c5416b949ebad6cec74af5e2d42905d41e257e0869f5"},
    {file = "PyYAML-6.0.2-cp38-cp38-manylinux_2_17_s390x.manylinux2014_s390x.whl", hash = "sha256:d84a1718ee396f54f3a086ea0a66d8e552b2ab2017ef8b420e92edbc841c352d"},
    {file = "PyYAML-6.0.2-cp38-cp38-manylinux_2_17_x86_64.manylinux2014_x86_64.whl", hash = "sha256:9056c1ecd25795207ad294bcf39f2db3d845767be0ea6e6a34d856f006006083"},
    {file = "PyYAML-6.0.2-cp38-cp38-musllinux_1_1_x86_64.whl", hash = "sha256:82d09873e40955485746739bcb8b4586983670466c23382c19cffecbf1fd8706"},
    {file = "PyYAML-6.0.2-cp38-cp38-win32.whl", hash = "sha256:43fa96a3ca0d6b1812e01ced1044a003533c47f6ee8aca31724f78e93ccc089a"},
    {file = "PyYAML-6.0.2-cp38-cp38-win_amd64.whl", hash = "sha256:01179a4a8559ab5de078078f37e5c1a30d76bb88519906844fd7bdea1b7729ff"},
    {file = "PyYAML-6.0.2-cp39-cp39-macosx_10_9_x86_64.whl", hash = "sha256:688ba32a1cffef67fd2e9398a2efebaea461578b0923624778664cc1c914db5d"},
    {file = "PyYAML-6.0.2-cp39-cp39-macosx_11_0_arm64.whl", hash = "sha256:a8786accb172bd8afb8be14490a16625cbc387036876ab6ba70912730faf8e1f"},
    {file = "PyYAML-6.0.2-cp39-cp39-manylinux_2_17_aarch64.manylinux2014_aarch64.whl", hash = "sha256:d8e03406cac8513435335dbab54c0d385e4a49e4945d2909a581c83647ca0290"},
    {file = "PyYAML-6.0.2-cp39-cp39-manylinux_2_17_s390x.manylinux2014_s390x.whl", hash = "sha256:f753120cb8181e736c57ef7636e83f31b9c0d1722c516f7e86cf15b7aa57ff12"},
    {file = "PyYAML-6.0.2-cp39-cp39-manylinux_2_17_x86_64.manylinux2014_x86_64.whl", hash = "sha256:3b1fdb9dc17f5a7677423d508ab4f243a726dea51fa5e70992e59a7411c89d19"},
    {file = "PyYAML-6.0.2-cp39-cp39-musllinux_1_1_aarch64.whl", hash = "sha256:0b69e4ce7a131fe56b7e4d770c67429700908fc0752af059838b1cfb41960e4e"},
    {file = "PyYAML-6.0.2-cp39-cp39-musllinux_1_1_x86_64.whl", hash = "sha256:a9f8c2e67970f13b16084e04f134610fd1d374bf477b17ec1599185cf611d725"},
    {file = "PyYAML-6.0.2-cp39-cp39-win32.whl", hash = "sha256:6395c297d42274772abc367baaa79683958044e5d3835486c16da75d2a694631"},
    {file = "PyYAML-6.0.2-cp39-cp39-win_amd64.whl", hash = "sha256:39693e1f8320ae4f43943590b49779ffb98acb81f788220ea932a6b6c51004d8"},
    {file = "pyyaml-6.0.2.tar.gz", hash = "sha256:d584d9ec91ad65861cc08d42e834324ef890a082e591037abe114850ff7bbc3e"},
]

[metadata]
lock-version = "2.0"
python-versions = "^3.12"
content-hash = "33d3393a05808bba31b5700478519c27026da4e90a3dbc7b9c51b1ded77579c2"
